
Microsoft Visual Studio Solution File, Format Version 12.00
# Visual Studio 2012
Project("{E24C65DC-7377-472B-9ABA-BC803B73C61A}") = "VTweet", ".", "{4E8FB431-04B1-42BE-826F-53D929FF68D9}"
	ProjectSection(WebsiteProperties) = preProject
		TargetFrameworkMoniker = ".NETFramework,Version%3Dv4.5"
		Debug.AspNetCompiler.VirtualPath = "/VTweet"
		Debug.AspNetCompiler.PhysicalPath = "..\VTweet\"
		Debug.AspNetCompiler.TargetPath = "PrecompiledWeb\VTweet\"
		Debug.AspNetCompiler.Updateable = "true"
		Debug.AspNetCompiler.ForceOverwrite = "true"
		Debug.AspNetCompiler.FixedNames = "false"
		Debug.AspNetCompiler.Debug = "True"
		Release.AspNetCompiler.VirtualPath = "/VTweet"
		Release.AspNetCompiler.PhysicalPath = "..\VTweet\"
		Release.AspNetCompiler.TargetPath = "PrecompiledWeb\VTweet\"
		Release.AspNetCompiler.Updateable = "true"
		Release.AspNetCompiler.ForceOverwrite = "true"
		Release.AspNetCompiler.FixedNames = "false"
		Release.AspNetCompiler.Debug = "False"
		VWDPort = "57468"
	EndProjectSection
EndProject
Global
	GlobalSection(SolutionConfigurationPlatforms) = preSolution
		Debug|Any CPU = Debug|Any CPU
	EndGlobalSection
	GlobalSection(ProjectConfigurationPlatforms) = postSolution
		{4E8FB431-04B1-42BE-826F-53D929FF68D9}.Debug|Any CPU.ActiveCfg = Debug|Any CPU
		{4E8FB431-04B1-42BE-826F-53D929FF68D9}.Debug|Any CPU.Build.0 = Debug|Any CPU
	EndGlobalSection
	GlobalSection(SolutionProperties) = preSolution
		HideSolutionNode = FALSE
	EndGlobalSection
EndGlobal
